
Microsoft Visual Studio Solution File, Format Version 12.00
Project("{2150E333-8FDC-42A3-9474-1A3956D46DE8}") = "src", "src", "{AABC1D6F-F2E1-427D-878F-92D31BCD612F}"
EndProject
Project("{2150E333-8FDC-42A3-9474-1A3956D46DE8}") = "API", "API", "{0B9E158A-EDE1-4B80-A1DF-4BEB857A283E}"
EndProject
Project("{2150E333-8FDC-42A3-9474-1A3956D46DE8}") = "Core", "Core", "{64C527F3-1456-44A1-8C06-0CEA320A3625}"
EndProject
Project("{2150E333-8FDC-42A3-9474-1A3956D46DE8}") = "Infrastructure", "Infrastructure", "{D2C479A1-C5D7-43E5-9473-2B782554A75C}"
EndProject
Project("{FAE04EC0-301F-11D3-BF4B-00C04F79EFBC}") = "App.API", "App.API\App.API.csproj", "{0F069D63-BDBE-4255-A180-744423D43B95}"
EndProject
Project("{FAE04EC0-301F-11D3-BF4B-00C04F79EFBC}") = "App.Application", "App.Application\App.Application.csproj", "{B67F94A1-D980-4EA0-A71D-A8FE06B1A64E}"
EndProject
Project("{FAE04EC0-301F-11D3-BF4B-00C04F79EFBC}") = "App.Domain", "App.Domain\App.Domain.csproj", "{B4D5BFBA-DA0A-43BF-8033-51A28E694B53}"
EndProject
Project("{FAE04EC0-301F-11D3-BF4B-00C04F79EFBC}") = "App.Persistence", "App.Persistence\App.Persistence.csproj", "{993D8550-5573-4D1F-9EA0-A8E027186B15}"
EndProject
Project("{FAE04EC0-301F-11D3-BF4B-00C04F79EFBC}") = "App.Token", "App.Token\App.Token.csproj", "{EC281229-22BE-4A52-A7B1-4296779093F0}"
EndProject
Project("{FAE04EC0-301F-11D3-BF4B-00C04F79EFBC}") = "App.Authorization", "App.Authorization\App.Authorization.csproj", "{88EA075C-2836-4FA9-B91F-B25A065BFA91}"
EndProject
Project("{2150E333-8FDC-42A3-9474-1A3956D46DE8}") = "Presentation", "Presentation", "{A9EFBDE4-B7B1-4977-B5B3-AD10B01C1A05}"
EndProject
Project("{FAE04EC0-301F-11D3-BF4B-00C04F79EFBC}") = "App.Web", "App.Web\App.Web.csproj", "{0563005D-4945-4BB5-8449-DC1543814C1E}"
EndProject
Global
	GlobalSection(SolutionConfigurationPlatforms) = preSolution
		Debug|Any CPU = Debug|Any CPU
		Release|Any CPU = Release|Any CPU
	EndGlobalSection
	GlobalSection(NestedProjects) = preSolution
		{0B9E158A-EDE1-4B80-A1DF-4BEB857A283E} = {AABC1D6F-F2E1-427D-878F-92D31BCD612F}
		{64C527F3-1456-44A1-8C06-0CEA320A3625} = {AABC1D6F-F2E1-427D-878F-92D31BCD612F}
		{D2C479A1-C5D7-43E5-9473-2B782554A75C} = {AABC1D6F-F2E1-427D-878F-92D31BCD612F}
		{0F069D63-BDBE-4255-A180-744423D43B95} = {0B9E158A-EDE1-4B80-A1DF-4BEB857A283E}
		{B67F94A1-D980-4EA0-A71D-A8FE06B1A64E} = {64C527F3-1456-44A1-8C06-0CEA320A3625}
		{B4D5BFBA-DA0A-43BF-8033-51A28E694B53} = {64C527F3-1456-44A1-8C06-0CEA320A3625}
		{993D8550-5573-4D1F-9EA0-A8E027186B15} = {D2C479A1-C5D7-43E5-9473-2B782554A75C}
		{EC281229-22BE-4A52-A7B1-4296779093F0} = {D2C479A1-C5D7-43E5-9473-2B782554A75C}
		{88EA075C-2836-4FA9-B91F-B25A065BFA91} = {D2C479A1-C5D7-43E5-9473-2B782554A75C}
		{A9EFBDE4-B7B1-4977-B5B3-AD10B01C1A05} = {AABC1D6F-F2E1-427D-878F-92D31BCD612F}
		{0563005D-4945-4BB5-8449-DC1543814C1E} = {A9EFBDE4-B7B1-4977-B5B3-AD10B01C1A05}
	EndGlobalSection
	GlobalSection(ProjectConfigurationPlatforms) = postSolution
		{0F069D63-BDBE-4255-A180-744423D43B95}.Debug|Any CPU.ActiveCfg = Debug|Any CPU
		{0F069D63-BDBE-4255-A180-744423D43B95}.Debug|Any CPU.Build.0 = Debug|Any CPU
		{0F069D63-BDBE-4255-A180-744423D43B95}.Release|Any CPU.ActiveCfg = Release|Any CPU
		{0F069D63-BDBE-4255-A180-744423D43B95}.Release|Any CPU.Build.0 = Release|Any CPU
		{B67F94A1-D980-4EA0-A71D-A8FE06B1A64E}.Debug|Any CPU.ActiveCfg = Debug|Any CPU
		{B67F94A1-D980-4EA0-A71D-A8FE06B1A64E}.Debug|Any CPU.Build.0 = Debug|Any CPU
		{B67F94A1-D980-4EA0-A71D-A8FE06B1A64E}.Release|Any CPU.ActiveCfg = Release|Any CPU
		{B67F94A1-D980-4EA0-A71D-A8FE06B1A64E}.Release|Any CPU.Build.0 = Release|Any CPU
		{B4D5BFBA-DA0A-43BF-8033-51A28E694B53}.Debug|Any CPU.ActiveCfg = Debug|Any CPU
		{B4D5BFBA-DA0A-43BF-8033-51A28E694B53}.Debug|Any CPU.Build.0 = Debug|Any CPU
		{B4D5BFBA-DA0A-43BF-8033-51A28E694B53}.Release|Any CPU.ActiveCfg = Release|Any CPU
		{B4D5BFBA-DA0A-43BF-8033-51A28E694B53}.Release|Any CPU.Build.0 = Release|Any CPU
		{993D8550-5573-4D1F-9EA0-A8E027186B15}.Debug|Any CPU.ActiveCfg = Debug|Any CPU
		{993D8550-5573-4D1F-9EA0-A8E027186B15}.Debug|Any CPU.Build.0 = Debug|Any CPU
		{993D8550-5573-4D1F-9EA0-A8E027186B15}.Release|Any CPU.ActiveCfg = Release|Any CPU
		{993D8550-5573-4D1F-9EA0-A8E027186B15}.Release|Any CPU.Build.0 = Release|Any CPU
		{EC281229-22BE-4A52-A7B1-4296779093F0}.Debug|Any CPU.ActiveCfg = Debug|Any CPU
		{EC281229-22BE-4A52-A7B1-4296779093F0}.Debug|Any CPU.Build.0 = Debug|Any CPU
		{EC281229-22BE-4A52-A7B1-4296779093F0}.Release|Any CPU.ActiveCfg = Release|Any CPU
		{EC281229-22BE-4A52-A7B1-4296779093F0}.Release|Any CPU.Build.0 = Release|Any CPU
		{88EA075C-2836-4FA9-B91F-B25A065BFA91}.Debug|Any CPU.ActiveCfg = Debug|Any CPU
		{88EA075C-2836-4FA9-B91F-B25A065BFA91}.Debug|Any CPU.Build.0 = Debug|Any CPU
		{88EA075C-2836-4FA9-B91F-B25A065BFA91}.Release|Any CPU.ActiveCfg = Release|Any CPU
		{88EA075C-2836-4FA9-B91F-B25A065BFA91}.Release|Any CPU.Build.0 = Release|Any CPU
		{0563005D-4945-4BB5-8449-DC1543814C1E}.Debug|Any CPU.ActiveCfg = Debug|Any CPU
		{0563005D-4945-4BB5-8449-DC1543814C1E}.Debug|Any CPU.Build.0 = Debug|Any CPU
		{0563005D-4945-4BB5-8449-DC1543814C1E}.Release|Any CPU.ActiveCfg = Release|Any CPU
		{0563005D-4945-4BB5-8449-DC1543814C1E}.Release|Any CPU.Build.0 = Release|Any CPU
	EndGlobalSection
EndGlobal
